// !$*UTF8*$!
{
	archiveVersion = 1;
	classes = {
	};
	objectVersion = 50;
	objects = {

/* Begin PBXBuildFile section */
		D025D24A2593D2E0000E865B /* AppDelegate.swift in Sources */ = {isa = PBXBuildFile; fileRef = D025D2492593D2E0000E865B /* AppDelegate.swift */; };
		D025D24C2593D2E0000E865B /* ContentView.swift in Sources */ = {isa = PBXBuildFile; fileRef = D025D24B2593D2E0000E865B /* ContentView.swift */; };
		D025D2502593D2E2000E865B /* Assets.xcassets in Resources */ = {isa = PBXBuildFile; fileRef = D025D24F2593D2E2000E865B /* Assets.xcassets */; };
		D025D2532593D2E2000E865B /* Preview Assets.xcassets in Resources */ = {isa = PBXBuildFile; fileRef = D025D2522593D2E2000E865B /* Preview Assets.xcassets */; };
		D025D2562593D2E2000E865B /* LaunchScreen.storyboard in Resources */ = {isa = PBXBuildFile; fileRef = D025D2542593D2E2000E865B /* LaunchScreen.storyboard */; };
		D025D2682593D6CE000E865B /* tv_retro.usdz in Resources */ = {isa = PBXBuildFile; fileRef = D025D2662593D6CE000E865B /* tv_retro.usdz */; };
		D025D2692593D6CE000E865B /* toy_biplane.usdz in Resources */ = {isa = PBXBuildFile; fileRef = D025D2672593D6CE000E865B /* toy_biplane.usdz */; };
		D025D26C2593F458000E865B /* Model.swift in Sources */ = {isa = PBXBuildFile; fileRef = D025D26B2593F458000E865B /* Model.swift */; };
/* End PBXBuildFile section */

/* Begin PBXFileReference section */
		D025D2462593D2E0000E865B /* Eyesight.app */ = {isa = PBXFileReference; explicitFileType = wrapper.application; includeInIndex = 0; path = Eyesight.app; sourceTree = BUILT_PRODUCTS_DIR; };
		D025D2492593D2E0000E865B /* AppDelegate.swift */ = {isa = PBXFileReference; lastKnownFileType = sourcecode.swift; path = AppDelegate.swift; sourceTree = "<group>"; };
		D025D24B2593D2E0000E865B /* ContentView.swift */ = {isa = PBXFileReference; lastKnownFileType = sourcecode.swift; path = ContentView.swift; sourceTree = "<group>"; };
		D025D24F2593D2E2000E865B /* Assets.xcassets */ = {isa = PBXFileReference; lastKnownFileType = folder.assetcatalog; path = Assets.xcassets; sourceTree = "<group>"; };
		D025D2522593D2E2000E865B /* Preview Assets.xcassets */ = {isa = PBXFileReference; lastKnownFileType = folder.assetcatalog; path = "Preview Assets.xcassets"; sourceTree = "<group>"; };
		D025D2552593D2E2000E865B /* Base */ = {isa = PBXFileReference; lastKnownFileType = file.storyboard; name = Base; path = Base.lproj/LaunchScreen.storyboard; sourceTree = "<group>"; };
		D025D2572593D2E2000E865B /* Info.plist */ = {isa = PBXFileReference; lastKnownFileType = text.plist.xml; path = Info.plist; sourceTree = "<group>"; };
		D025D2662593D6CE000E865B /* tv_retro.usdz */ = {isa = PBXFileReference; lastKnownFileType = file.usdz; name = tv_retro.usdz; path = ../../../../../Downloads/tv_retro.usdz; sourceTree = "<group>"; };
		D025D2672593D6CE000E865B /* toy_biplane.usdz */ = {isa = PBXFileReference; lastKnownFileType = file.usdz; name = toy_biplane.usdz; path = ../../../../../Downloads/toy_biplane.usdz; sourceTree = "<group>"; };
		D025D26B2593F458000E865B /* Model.swift */ = {isa = PBXFileReference; lastKnownFileType = sourcecode.swift; path = Model.swift; sourceTree = "<group>"; };
/* End PBXFileReference section */

/* Begin PBXFrameworksBuildPhase section */
		D025D2432593D2E0000E865B /* Frameworks */ = {
			isa = PBXFrameworksBuildPhase;
			buildActionMask = 2147483647;
			files = (
			);
			runOnlyForDeploymentPostprocessing = 0;
		};
/* End PBXFrameworksBuildPhase section */

/* Begin PBXGroup section */
		D025D23D2593D2E0000E865B = {
			isa = PBXGroup;
			children = (
				D025D2482593D2E0000E865B /* Eyesight */,
				D025D2472593D2E0000E865B /* Products */,
			);
			sourceTree = "<group>";
		};
		D025D2472593D2E0000E865B /* Products */ = {
			isa = PBXGroup;
			children = (
				D025D2462593D2E0000E865B /* Eyesight.app */,
			);
			name = Products;
			sourceTree = "<group>";
		};
		D025D2482593D2E0000E865B /* Eyesight */ = {
			isa = PBXGroup;
			children = (
				D025D26B2593F458000E865B /* Model.swift */,
				D025D2492593D2E0000E865B /* AppDelegate.swift */,
				D025D24B2593D2E0000E865B /* ContentView.swift */,
				D025D24F2593D2E2000E865B /* Assets.xcassets */,
				D025D2542593D2E2000E865B /* LaunchScreen.storyboard */,
				D025D2572593D2E2000E865B /* Info.plist */,
				D025D25F2593D62F000E865B /* Models */,
				D025D2512593D2E2000E865B /* Preview Content */,
			);
			path = Eyesight;
			sourceTree = "<group>";
		};
		D025D2512593D2E2000E865B /* Preview Content */ = {
			isa = PBXGroup;
			children = (
				D025D2522593D2E2000E865B /* Preview Assets.xcassets */,
			);
			path = "Preview Content";
			sourceTree = "<group>";
		};
		D025D25F2593D62F000E865B /* Models */ = {
			isa = PBXGroup;
			children = (
				D025D2672593D6CE000E865B /* toy_biplane.usdz */,
				D025D2662593D6CE000E865B /* tv_retro.usdz */,
			);
			path = Models;
			sourceTree = "<group>";
		};
/* End PBXGroup section */

/* Begin PBXNativeTarget section */
		D025D2452593D2E0000E865B /* Eyesight */ = {
			isa = PBXNativeTarget;
			buildConfigurationList = D025D25A2593D2E2000E865B /* Build configuration list for PBXNativeTarget "Eyesight" */;
			buildPhases = (
				D025D2422593D2E0000E865B /* Sources */,
				D025D2432593D2E0000E865B /* Frameworks */,
				D025D2442593D2E0000E865B /* Resources */,
			);
			buildRules = (
			);
			dependencies = (
			);
			name = Eyesight;
			productName = Eyesight;
			productReference = D025D2462593D2E0000E865B /* Eyesight.app */;
			productType = "com.apple.product-type.application";
		};
/* End PBXNativeTarget section */

/* Begin PBXProject section */
		D025D23E2593D2E0000E865B /* Project object */ = {
			isa = PBXProject;
			attributes = {
				LastSwiftUpdateCheck = 1230;
				LastUpgradeCheck = 1230;
				TargetAttributes = {
					D025D2452593D2E0000E865B = {
						CreatedOnToolsVersion = 12.3;
					};
				};
			};
			buildConfigurationList = D025D2412593D2E0000E865B /* Build configuration list for PBXProject "Eyesight" */;
			compatibilityVersion = "Xcode 9.3";
			developmentRegion = en;
			hasScannedForEncodings = 0;
			knownRegions = (
				en,
				Base,
			);
			mainGroup = D025D23D2593D2E0000E865B;
			productRefGroup = D025D2472593D2E0000E865B /* Products */;
			projectDirPath = "";
			projectRoot = "";
			targets = (
				D025D2452593D2E0000E865B /* Eyesight */,
			);
		};
/* End PBXProject section */

/* Begin PBXResourcesBuildPhase section */
		D025D2442593D2E0000E865B /* Resources */ = {
			isa = PBXResourcesBuildPhase;
			buildActionMask = 2147483647;
			files = (
				D025D2562593D2E2000E865B /* LaunchScreen.storyboard in Resources */,
				D025D2692593D6CE000E865B /* toy_biplane.usdz in Resources */,
				D025D2532593D2E2000E865B /* Preview Assets.xcassets in Resources */,
				D025D2682593D6CE000E865B /* tv_retro.usdz in Resources */,
				D025D2502593D2E2000E865B /* Assets.xcassets in Resources */,
			);
			runOnlyForDeploymentPostprocessing = 0;
		};
/* End PBXResourcesBuildPhase section */

/* Begin PBXSourcesBuildPhase section */
		D025D2422593D2E0000E865B /* Sources */ = {
			isa = PBXSourcesBuildPhase;
			buildActionMask = 2147483647;
			files = (
				D025D26C2593F458000E865B /* Model.swift in Sources */,
				D025D24C2593D2E0000E865B /* ContentView.swift in Sources */,
				D025D24A2593D2E0000E865B /* AppDelegate.swift in Sources */,
			);
			runOnlyForDeploymentPostprocessing = 0;
		};
/* End PBXSourcesBuildPhase section */

/* Begin PBXVariantGroup section */
		D025D2542593D2E2000E865B /* LaunchScreen.storyboard */ = {
			isa = PBXVariantGroup;
			children = (
				D025D2552593D2E2000E865B /* Base */,
			);
			name = LaunchScreen.storyboard;
			sourceTree = "<group>";
		};
/* End PBXVariantGroup section */

/* Begin XCBuildConfiguration section */
		D025D2582593D2E2000E865B /* Debug */ = {
			isa = XCBuildConfiguration;
			buildSettings = {
				ALWAYS_SEARCH_USER_PATHS = NO;
				CLANG_ANALYZER_NONNULL = YES;
				CLANG_ANALYZER_NUMBER_OBJECT_CONVERSION = YES_AGGRESSIVE;
				CLANG_CXX_LANGUAGE_STANDARD = "gnu++14";
				CLANG_CXX_LIBRARY = "libc++";
				CLANG_ENABLE_MODULES = YES;
				CLANG_ENABLE_OBJC_ARC = YES;
				CLANG_ENABLE_OBJC_WEAK = YES;
				CLANG_WARN_BLOCK_CAPTURE_AUTORELEASING = YES;
				CLANG_WARN_BOOL_CONVERSION = YES;
				CLANG_WARN_COMMA = YES;
				CLANG_WARN_CONSTANT_CONVERSION = YES;
				CLANG_WARN_DEPRECATED_OBJC_IMPLEMENTATIONS = YES;
				CLANG_WARN_DIRECT_OBJC_ISA_USAGE = YES_ERROR;
				CLANG_WARN_DOCUMENTATION_COMMENTS = YES;
				CLANG_WARN_EMPTY_BODY = YES;
				CLANG_WARN_ENUM_CONVERSION = YES;
				CLANG_WARN_INFINITE_RECURSION = YES;
				CLANG_WARN_INT_CONVERSION = YES;
				CLANG_WARN_NON_LITERAL_NULL_CONVERSION = YES;
				CLANG_WARN_OBJC_IMPLICIT_RETAIN_SELF = YES;
				CLANG_WARN_OBJC_LITERAL_CONVERSION = YES;
				CLANG_WARN_OBJC_ROOT_CLASS = YES_ERROR;
				CLANG_WARN_QUOTED_INCLUDE_IN_FRAMEWORK_HEADER = YES;
				CLANG_WARN_RANGE_LOOP_ANALYSIS = YES;
				CLANG_WARN_STRICT_PROTOTYPES = YES;
				CLANG_WARN_SUSPICIOUS_MOVE = YES;
				CLANG_WARN_UNGUARDED_AVAILABILITY = YES_AGGRESSIVE;
				CLANG_WARN_UNREACHABLE_CODE = YES;
				CLANG_WARN__DUPLICATE_METHOD_MATCH = YES;
				COPY_PHASE_STRIP = NO;
				DEBUG_INFORMATION_FORMAT = dwarf;
				ENABLE_STRICT_OBJC_MSGSEND = YES;
				ENABLE_TESTABILITY = YES;
				GCC_C_LANGUAGE_STANDARD = gnu11;
				GCC_DYNAMIC_NO_PIC = NO;
				GCC_NO_COMMON_BLOCKS = YES;
				GCC_OPTIMIZATION_LEVEL = 0;
				GCC_PREPROCESSOR_DEFINITIONS = (
					"DEBUG=1",
					"$(inherited)",
				);
				GCC_WARN_64_TO_32_BIT_CONVERSION = YES;
				GCC_WARN_ABOUT_RETURN_TYPE = YES_ERROR;
				GCC_WARN_UNDECLARED_SELECTOR = YES;
				GCC_WARN_UNINITIALIZED_AUTOS = YES_AGGRESSIVE;
				GCC_WARN_UNUSED_FUNCTION = YES;
				GCC_WARN_UNUSED_VARIABLE = YES;
				IPHONEOS_DEPLOYMENT_TARGET = 14.3;
				MTL_ENABLE_DEBUG_INFO = INCLUDE_SOURCE;
				MTL_FAST_MATH = YES;
				ONLY_ACTIVE_ARCH = YES;
				SDKROOT = iphoneos;
				SWIFT_ACTIVE_COMPILATION_CONDITIONS = DEBUG;
				SWIFT_OPTIMIZATION_LEVEL = "-Onone";
			};
			name = Debug;
		};
		D025D2592593D2E2000E865B /* Release */ = {
			isa = XCBuildConfiguration;
			buildSettings = {
				ALWAYS_SEARCH_USER_PATHS = NO;
				CLANG_ANALYZER_NONNULL = YES;
				CLANG_ANALYZER_NUMBER_OBJECT_CONVERSION = YES_AGGRESSIVE;
				CLANG_CXX_LANGUAGE_STANDARD = "gnu++14";
				CLANG_CXX_LIBRARY = "libc++";
				CLANG_ENABLE_MODULES = YES;
				CLANG_ENABLE_OBJC_ARC = YES;
				CLANG_ENABLE_OBJC_WEAK = YES;
				CLANG_WARN_BLOCK_CAPTURE_AUTORELEASING = YES;
				CLANG_WARN_BOOL_CONVERSION = YES;
				CLANG_WARN_COMMA = YES;
				CLANG_WARN_CONSTANT_CONVERSION = YES;
				CLANG_WARN_DEPRECATED_OBJC_IMPLEMENTATIONS = YES;
				CLANG_WARN_DIRECT_OBJC_ISA_USAGE = YES_ERROR;
				CLANG_WARN_DOCUMENTATION_COMMENTS = YES;
				CLANG_WARN_EMPTY_BODY = YES;
				CLANG_WARN_ENUM_CONVERSION = YES;
				CLANG_WARN_INFINITE_RECURSION = YES;
				CLANG_WARN_INT_CONVERSION = YES;
				CLANG_WARN_NON_LITERAL_NULL_CONVERSION = YES;
				CLANG_WARN_OBJC_IMPLICIT_RETAIN_SELF = YES;
				CLANG_WARN_OBJC_LITERAL_CONVERSION = YES;
				CLANG_WARN_OBJC_ROOT_CLASS = YES_ERROR;
				CLANG_WARN_QUOTED_INCLUDE_IN_FRAMEWORK_HEADER = YES;
				CLANG_WARN_RANGE_LOOP_ANALYSIS = YES;
				CLANG_WARN_STRICT_PROTOTYPES = YES;
				CLANG_WARN_SUSPICIOUS_MOVE = YES;
				CLANG_WARN_UNGUARDED_AVAILABILITY = YES_AGGRESSIVE;
				CLANG_WARN_UNREACHABLE_CODE = YES;
				CLANG_WARN__DUPLICATE_METHOD_MATCH = YES;
				COPY_PHASE_STRIP = NO;
				DEBUG_INFORMATION_FORMAT = "dwarf-with-dsym";
				ENABLE_NS_ASSERTIONS = NO;
				ENABLE_STRICT_OBJC_MSGSEND = YES;
				GCC_C_LANGUAGE_STANDARD = gnu11;
				GCC_NO_COMMON_BLOCKS = YES;
				GCC_WARN_64_TO_32_BIT_CONVERSION = YES;
				GCC_WARN_ABOUT_RETURN_TYPE = YES_ERROR;
				GCC_WARN_UNDECLARED_SELECTOR = YES;
				GCC_WARN_UNINITIALIZED_AUTOS = YES_AGGRESSIVE;
				GCC_WARN_UNUSED_FUNCTION = YES;
				GCC_WARN_UNUSED_VARIABLE = YES;
				IPHONEOS_DEPLOYMENT_TARGET = 14.3;
				MTL_ENABLE_DEBUG_INFO = NO;
				MTL_FAST_MATH = YES;
				SDKROOT = iphoneos;
				SWIFT_COMPILATION_MODE = wholemodule;
				SWIFT_OPTIMIZATION_LEVEL = "-O";
				VALIDATE_PRODUCT = YES;
			};
			name = Release;
		};
		D025D25B2593D2E2000E865B /* Debug */ = {
			isa = XCBuildConfiguration;
			buildSettings = {
				ASSETCATALOG_COMPILER_APPICON_NAME = AppIcon;
				ASSETCATALOG_COMPILER_GLOBAL_ACCENT_COLOR_NAME = AccentColor;
				CODE_SIGN_STYLE = Automatic;
				DEVELOPMENT_ASSET_PATHS = "\"Eyesight/Preview Content\"";
				DEVELOPMENT_TEAM = ASRK7R7UY8;
				ENABLE_PREVIEWS = YES;
				INFOPLIST_FILE = Eyesight/Info.plist;
				LD_RUNPATH_SEARCH_PATHS = (
					"$(inherited)",
					"@executable_path/Frameworks",
				);
				PRODUCT_BUNDLE_IDENTIFIER = Allkosh.Eyesight;
				PRODUCT_NAME = "$(TARGET_NAME)";
				SWIFT_VERSION = 5.0;
				TARGETED_DEVICE_FAMILY = "1,2";
			};
			name = Debug;
		};
		D025D25C2593D2E2000E865B /* Release */ = {
			isa = XCBuildConfiguration;
			buildSettings = {
				ASSETCATALOG_COMPILER_APPICON_NAME = AppIcon;
				ASSETCATALOG_COMPILER_GLOBAL_ACCENT_COLOR_NAME = AccentColor;
				CODE_SIGN_STYLE = Automatic;
				DEVELOPMENT_ASSET_PATHS = "\"Eyesight/Preview Content\"";
				DEVELOPMENT_TEAM = ASRK7R7UY8;
				ENABLE_PREVIEWS = YES;
				INFOPLIST_FILE = Eyesight/Info.plist;
				LD_RUNPATH_SEARCH_PATHS = (
					"$(inherited)",
					"@executable_path/Frameworks",
				);
				PRODUCT_BUNDLE_IDENTIFIER = Allkosh.Eyesight;
				PRODUCT_NAME = "$(TARGET_NAME)";
				SWIFT_VERSION = 5.0;
				TARGETED_DEVICE_FAMILY = "1,2";
			};
			name = Release;
		};
/* End XCBuildConfiguration section */

/* Begin XCConfigurationList section */
		D025D2412593D2E0000E865B /* Build configuration list for PBXProject "Eyesight" */ = {
			isa = XCConfigurationList;
			buildConfigurations = (
				D025D2582593D2E2000E865B /* Debug */,
				D025D2592593D2E2000E865B /* Release */,
			);
			defaultConfigurationIsVisible = 0;
			defaultConfigurationName = Release;
		};
		D025D25A2593D2E2000E865B /* Build configuration list for PBXNativeTarget "Eyesight" */ = {
			isa = XCConfigurationList;
			buildConfigurations = (
				D025D25B2593D2E2000E865B /* Debug */,
				D025D25C2593D2E2000E865B /* Release */,
			);
			defaultConfigurationIsVisible = 0;
			defaultConfigurationName = Release;
		};
/* End XCConfigurationList section */
	};
	rootObject = D025D23E2593D2E0000E865B /* Project object */;
}
